
Microsoft Visual Studio Solution File, Format Version 12.00
# Visual Studio 15
VisualStudioVersion = 15.0.28307.902
MinimumVisualStudioVersion = 10.0.40219.1
Project("{888888A0-9F3D-457C-B088-3A5042F75D52}") = "PDFscraper", "PDFscraper\PDFscraper.pyproj", "{B6944C11-CF39-48EF-BEDB-60D8CC16CD97}"
EndProject
Global
	GlobalSection(SolutionConfigurationPlatforms) = preSolution
		Debug|Any CPU = Debug|Any CPU
		Release|Any CPU = Release|Any CPU
	EndGlobalSection
	GlobalSection(ProjectConfigurationPlatforms) = postSolution
		{B6944C11-CF39-48EF-BEDB-60D8CC16CD97}.Debug|Any CPU.ActiveCfg = Debug|Any CPU
		{B6944C11-CF39-48EF-BEDB-60D8CC16CD97}.Release|Any CPU.ActiveCfg = Release|Any CPU
	EndGlobalSection
	GlobalSection(SolutionProperties) = preSolution
		HideSolutionNode = FALSE
	EndGlobalSection
	GlobalSection(ExtensibilityGlobals) = postSolution
		SolutionGuid = {2C29D474-A0A6-4B99-AEFE-756EE0130C00}
	EndGlobalSection
EndGlobal
